// !$*UTF8*$!
{
	archiveVersion = 1;
	classes = {
	};
	objectVersion = 46;
	objects = {

/* Begin PBXBuildFile section */
		120E8F77192FC0A200CDEF95 /* Foundation.framework in Frameworks */ = {isa = PBXBuildFile; fileRef = 120E8F76192FC0A200CDEF95 /* Foundation.framework */; };
		120E8F79192FC0A200CDEF95 /* CoreGraphics.framework in Frameworks */ = {isa = PBXBuildFile; fileRef = 120E8F78192FC0A200CDEF95 /* CoreGraphics.framework */; };
		120E8F7B192FC0A200CDEF95 /* UIKit.framework in Frameworks */ = {isa = PBXBuildFile; fileRef = 120E8F7A192FC0A200CDEF95 /* UIKit.framework */; };
		120E8F81192FC0A200CDEF95 /* InfoPlist.strings in Resources */ = {isa = PBXBuildFile; fileRef = 120E8F7F192FC0A200CDEF95 /* InfoPlist.strings */; };
		120E8F83192FC0A200CDEF95 /* main.m in Sources */ = {isa = PBXBuildFile; fileRef = 120E8F82192FC0A200CDEF95 /* main.m */; };
		120E8F87192FC0A200CDEF95 /* AppDelegate.m in Sources */ = {isa = PBXBuildFile; fileRef = 120E8F86192FC0A200CDEF95 /* AppDelegate.m */; };
		120E8F8A192FC0A200CDEF95 /* Main.storyboard in Resources */ = {isa = PBXBuildFile; fileRef = 120E8F88192FC0A200CDEF95 /* Main.storyboard */; };
		120E8F8D192FC0A200CDEF95 /* ViewController.m in Sources */ = {isa = PBXBuildFile; fileRef = 120E8F8C192FC0A200CDEF95 /* ViewController.m */; };
		120E8F8F192FC0A200CDEF95 /* Images.xcassets in Resources */ = {isa = PBXBuildFile; fileRef = 120E8F8E192FC0A200CDEF95 /* Images.xcassets */; };
		120E8F96192FC0A200CDEF95 /* XCTest.framework in Frameworks */ = {isa = PBXBuildFile; fileRef = 120E8F95192FC0A200CDEF95 /* XCTest.framework */; };
		120E8F97192FC0A200CDEF95 /* Foundation.framework in Frameworks */ = {isa = PBXBuildFile; fileRef = 120E8F76192FC0A200CDEF95 /* Foundation.framework */; };
		120E8F98192FC0A200CDEF95 /* UIKit.framework in Frameworks */ = {isa = PBXBuildFile; fileRef = 120E8F7A192FC0A200CDEF95 /* UIKit.framework */; };
		120E8FA0192FC0A200CDEF95 /* InfoPlist.strings in Resources */ = {isa = PBXBuildFile; fileRef = 120E8F9E192FC0A200CDEF95 /* InfoPlist.strings */; };
		120E8FA2192FC0A200CDEF95 /* ProjetoFinalTests.m in Sources */ = {isa = PBXBuildFile; fileRef = 120E8FA1192FC0A200CDEF95 /* ProjetoFinalTests.m */; };
		91A986111962324500EA1074 /* Assunto.m in Sources */ = {isa = PBXBuildFile; fileRef = 91A986101962324500EA1074 /* Assunto.m */; };
		91A98615196232B900EA1074 /* Animacao.m in Sources */ = {isa = PBXBuildFile; fileRef = 91A98614196232B900EA1074 /* Animacao.m */; };
		91A98619196232F800EA1074 /* Exercicio.m in Sources */ = {isa = PBXBuildFile; fileRef = 91A98618196232F800EA1074 /* Exercicio.m */; };
		91A9861B196233CD00EA1074 /* SpriteKit.framework in Frameworks */ = {isa = PBXBuildFile; fileRef = 91A9861A196233CD00EA1074 /* SpriteKit.framework */; };
		A52974D81962DB1F009A50DD /* Variavel.m in Sources */ = {isa = PBXBuildFile; fileRef = A52974D71962DB1F009A50DD /* Variavel.m */; };
		A52974E31962EF6B009A50DD /* ConceitosVariaveis.txt in Resources */ = {isa = PBXBuildFile; fileRef = A52974E21962EF6B009A50DD /* ConceitosVariaveis.txt */; };
		A597F0F41960A7A6006429C7 /* SubViewConteudo.m in Sources */ = {isa = PBXBuildFile; fileRef = A597F0ED1960A7A6006429C7 /* SubViewConteudo.m */; };
		A597F0F51960A7A6006429C7 /* SubViewConteudoFilho.m in Sources */ = {isa = PBXBuildFile; fileRef = A597F0EF1960A7A6006429C7 /* SubViewConteudoFilho.m */; };
		A597F0F61960A7A6006429C7 /* MenuViewController.m in Sources */ = {isa = PBXBuildFile; fileRef = A597F0F11960A7A6006429C7 /* MenuViewController.m */; };
		A597F0F71960A7A6006429C7 /* ConteudoViewController.m in Sources */ = {isa = PBXBuildFile; fileRef = A597F0F31960A7A6006429C7 /* ConteudoViewController.m */; };
		BD630CAB1948E3F400AF13E7 /* item-variavel.png in Resources */ = {isa = PBXBuildFile; fileRef = BD630CAA1948E3F400AF13E7 /* item-variavel.png */; };
		E501FA6B192FCD3800B56B5C /* item-memoria.png in Resources */ = {isa = PBXBuildFile; fileRef = E501FA6A192FCD3800B56B5C /* item-memoria.png */; };
/* End PBXBuildFile section */

/* Begin PBXContainerItemProxy section */
		120E8F99192FC0A200CDEF95 /* PBXContainerItemProxy */ = {
			isa = PBXContainerItemProxy;
			containerPortal = 120E8F6B192FC0A200CDEF95 /* Project object */;
			proxyType = 1;
			remoteGlobalIDString = 120E8F72192FC0A200CDEF95;
			remoteInfo = ProjetoFinal;
		};
/* End PBXContainerItemProxy section */

/* Begin PBXFileReference section */
		120E8F73192FC0A200CDEF95 /* ProjetoFinal.app */ = {isa = PBXFileReference; explicitFileType = wrapper.application; includeInIndex = 0; path = ProjetoFinal.app; sourceTree = BUILT_PRODUCTS_DIR; };
		120E8F76192FC0A200CDEF95 /* Foundation.framework */ = {isa = PBXFileReference; lastKnownFileType = wrapper.framework; name = Foundation.framework; path = System/Library/Frameworks/Foundation.framework; sourceTree = SDKROOT; };
		120E8F78192FC0A200CDEF95 /* CoreGraphics.framework */ = {isa = PBXFileReference; lastKnownFileType = wrapper.framework; name = CoreGraphics.framework; path = System/Library/Frameworks/CoreGraphics.framework; sourceTree = SDKROOT; };
		120E8F7A192FC0A200CDEF95 /* UIKit.framework */ = {isa = PBXFileReference; lastKnownFileType = wrapper.framework; name = UIKit.framework; path = System/Library/Frameworks/UIKit.framework; sourceTree = SDKROOT; };
		120E8F7E192FC0A200CDEF95 /* ProjetoFinal-Info.plist */ = {isa = PBXFileReference; lastKnownFileType = text.plist.xml; path = "ProjetoFinal-Info.plist"; sourceTree = "<group>"; };
		120E8F80192FC0A200CDEF95 /* en */ = {isa = PBXFileReference; lastKnownFileType = text.plist.strings; name = en; path = en.lproj/InfoPlist.strings; sourceTree = "<group>"; };
		120E8F82192FC0A200CDEF95 /* main.m */ = {isa = PBXFileReference; lastKnownFileType = sourcecode.c.objc; path = main.m; sourceTree = "<group>"; };
		120E8F84192FC0A200CDEF95 /* ProjetoFinal-Prefix.pch */ = {isa = PBXFileReference; lastKnownFileType = sourcecode.c.h; path = "ProjetoFinal-Prefix.pch"; sourceTree = "<group>"; };
		120E8F85192FC0A200CDEF95 /* AppDelegate.h */ = {isa = PBXFileReference; lastKnownFileType = sourcecode.c.h; path = AppDelegate.h; sourceTree = "<group>"; };
		120E8F86192FC0A200CDEF95 /* AppDelegate.m */ = {isa = PBXFileReference; lastKnownFileType = sourcecode.c.objc; path = AppDelegate.m; sourceTree = "<group>"; };
		120E8F89192FC0A200CDEF95 /* Base */ = {isa = PBXFileReference; lastKnownFileType = file.storyboard; name = Base; path = Base.lproj/Main.storyboard; sourceTree = "<group>"; };
		120E8F8B192FC0A200CDEF95 /* ViewController.h */ = {isa = PBXFileReference; lastKnownFileType = sourcecode.c.h; path = ViewController.h; sourceTree = "<group>"; };
		120E8F8C192FC0A200CDEF95 /* ViewController.m */ = {isa = PBXFileReference; lastKnownFileType = sourcecode.c.objc; path = ViewController.m; sourceTree = "<group>"; };
		120E8F8E192FC0A200CDEF95 /* Images.xcassets */ = {isa = PBXFileReference; lastKnownFileType = folder.assetcatalog; path = Images.xcassets; sourceTree = "<group>"; };
		120E8F94192FC0A200CDEF95 /* ProjetoFinalTests.xctest */ = {isa = PBXFileReference; explicitFileType = wrapper.cfbundle; includeInIndex = 0; path = ProjetoFinalTests.xctest; sourceTree = BUILT_PRODUCTS_DIR; };
		120E8F95192FC0A200CDEF95 /* XCTest.framework */ = {isa = PBXFileReference; lastKnownFileType = wrapper.framework; name = XCTest.framework; path = Library/Frameworks/XCTest.framework; sourceTree = DEVELOPER_DIR; };
		120E8F9D192FC0A200CDEF95 /* ProjetoFinalTests-Info.plist */ = {isa = PBXFileReference; lastKnownFileType = text.plist.xml; path = "ProjetoFinalTests-Info.plist"; sourceTree = "<group>"; };
		120E8F9F192FC0A200CDEF95 /* en */ = {isa = PBXFileReference; lastKnownFileType = text.plist.strings; name = en; path = en.lproj/InfoPlist.strings; sourceTree = "<group>"; };
		120E8FA1192FC0A200CDEF95 /* ProjetoFinalTests.m */ = {isa = PBXFileReference; lastKnownFileType = sourcecode.c.objc; path = ProjetoFinalTests.m; sourceTree = "<group>"; };
		91A9860F1962324500EA1074 /* Assunto.h */ = {isa = PBXFileReference; fileEncoding = 4; lastKnownFileType = sourcecode.c.h; name = Assunto.h; path = Assuntos/Assunto.h; sourceTree = "<group>"; };
		91A986101962324500EA1074 /* Assunto.m */ = {isa = PBXFileReference; fileEncoding = 4; lastKnownFileType = sourcecode.c.objc; name = Assunto.m; path = Assuntos/Assunto.m; sourceTree = "<group>"; };
		91A98613196232B900EA1074 /* Animacao.h */ = {isa = PBXFileReference; fileEncoding = 4; lastKnownFileType = sourcecode.c.h; name = Animacao.h; path = Animacoes/Animacao.h; sourceTree = "<group>"; };
		91A98614196232B900EA1074 /* Animacao.m */ = {isa = PBXFileReference; fileEncoding = 4; lastKnownFileType = sourcecode.c.objc; name = Animacao.m; path = Animacoes/Animacao.m; sourceTree = "<group>"; };
		91A98617196232F800EA1074 /* Exercicio.h */ = {isa = PBXFileReference; fileEncoding = 4; lastKnownFileType = sourcecode.c.h; name = Exercicio.h; path = Exercicios/Exercicio.h; sourceTree = "<group>"; };
		91A98618196232F800EA1074 /* Exercicio.m */ = {isa = PBXFileReference; fileEncoding = 4; lastKnownFileType = sourcecode.c.objc; name = Exercicio.m; path = Exercicios/Exercicio.m; sourceTree = "<group>"; };
		91A9861A196233CD00EA1074 /* SpriteKit.framework */ = {isa = PBXFileReference; lastKnownFileType = wrapper.framework; name = SpriteKit.framework; path = System/Library/Frameworks/SpriteKit.framework; sourceTree = SDKROOT; };
		A52974D61962DB1F009A50DD /* Variavel.h */ = {isa = PBXFileReference; fileEncoding = 4; lastKnownFileType = sourcecode.c.h; path = Variavel.h; sourceTree = "<group>"; };
		A52974D71962DB1F009A50DD /* Variavel.m */ = {isa = PBXFileReference; fileEncoding = 4; lastKnownFileType = sourcecode.c.objc; path = Variavel.m; sourceTree = "<group>"; };
		A52974E21962EF6B009A50DD /* ConceitosVariaveis.txt */ = {isa = PBXFileReference; fileEncoding = 4; lastKnownFileType = text; path = ConceitosVariaveis.txt; sourceTree = "<group>"; };
		A597F0EC1960A7A6006429C7 /* SubViewConteudo.h */ = {isa = PBXFileReference; fileEncoding = 4; lastKnownFileType = sourcecode.c.h; path = SubViewConteudo.h; sourceTree = "<group>"; };
		A597F0ED1960A7A6006429C7 /* SubViewConteudo.m */ = {isa = PBXFileReference; fileEncoding = 4; lastKnownFileType = sourcecode.c.objc; lineEnding = 0; path = SubViewConteudo.m; sourceTree = "<group>"; xcLanguageSpecificationIdentifier = xcode.lang.objc; };
		A597F0EE1960A7A6006429C7 /* SubViewConteudoFilho.h */ = {isa = PBXFileReference; fileEncoding = 4; lastKnownFileType = sourcecode.c.h; lineEnding = 0; path = SubViewConteudoFilho.h; sourceTree = "<group>"; xcLanguageSpecificationIdentifier = xcode.lang.objcpp; };
		A597F0EF1960A7A6006429C7 /* SubViewConteudoFilho.m */ = {isa = PBXFileReference; fileEncoding = 4; lastKnownFileType = sourcecode.c.objc; lineEnding = 0; path = SubViewConteudoFilho.m; sourceTree = "<group>"; xcLanguageSpecificationIdentifier = xcode.lang.objc; };
		A597F0F01960A7A6006429C7 /* MenuViewController.h */ = {isa = PBXFileReference; fileEncoding = 4; lastKnownFileType = sourcecode.c.h; path = MenuViewController.h; sourceTree = "<group>"; };
		A597F0F11960A7A6006429C7 /* MenuViewController.m */ = {isa = PBXFileReference; fileEncoding = 4; lastKnownFileType = sourcecode.c.objc; path = MenuViewController.m; sourceTree = "<group>"; };
		A597F0F21960A7A6006429C7 /* ConteudoViewController.h */ = {isa = PBXFileReference; fileEncoding = 4; lastKnownFileType = sourcecode.c.h; path = ConteudoViewController.h; sourceTree = "<group>"; };
		A597F0F31960A7A6006429C7 /* ConteudoViewController.m */ = {isa = PBXFileReference; fileEncoding = 4; lastKnownFileType = sourcecode.c.objc; lineEnding = 0; path = ConteudoViewController.m; sourceTree = "<group>"; xcLanguageSpecificationIdentifier = xcode.lang.objc; };
		BD630CAA1948E3F400AF13E7 /* item-variavel.png */ = {isa = PBXFileReference; lastKnownFileType = image.png; name = "item-variavel.png"; path = "Imagens/item-variavel.png"; sourceTree = "<group>"; };
		E501FA6A192FCD3800B56B5C /* item-memoria.png */ = {isa = PBXFileReference; lastKnownFileType = image.png; name = "item-memoria.png"; path = "Imagens/item-memoria.png"; sourceTree = "<group>"; };
/* End PBXFileReference section */

/* Begin PBXFrameworksBuildPhase section */
		120E8F70192FC0A200CDEF95 /* Frameworks */ = {
			isa = PBXFrameworksBuildPhase;
			buildActionMask = 2147483647;
			files = (
				91A9861B196233CD00EA1074 /* SpriteKit.framework in Frameworks */,
				120E8F79192FC0A200CDEF95 /* CoreGraphics.framework in Frameworks */,
				120E8F7B192FC0A200CDEF95 /* UIKit.framework in Frameworks */,
				120E8F77192FC0A200CDEF95 /* Foundation.framework in Frameworks */,
			);
			runOnlyForDeploymentPostprocessing = 0;
		};
		120E8F91192FC0A200CDEF95 /* Frameworks */ = {
			isa = PBXFrameworksBuildPhase;
			buildActionMask = 2147483647;
			files = (
				120E8F96192FC0A200CDEF95 /* XCTest.framework in Frameworks */,
				120E8F98192FC0A200CDEF95 /* UIKit.framework in Frameworks */,
				120E8F97192FC0A200CDEF95 /* Foundation.framework in Frameworks */,
			);
			runOnlyForDeploymentPostprocessing = 0;
		};
/* End PBXFrameworksBuildPhase section */

/* Begin PBXGroup section */
		120E8F6A192FC0A200CDEF95 = {
			isa = PBXGroup;
			children = (
				120E8F7C192FC0A200CDEF95 /* ProjetoFinal */,
				120E8F9B192FC0A200CDEF95 /* ProjetoFinalTests */,
				120E8F75192FC0A200CDEF95 /* Frameworks */,
				120E8F74192FC0A200CDEF95 /* Products */,
			);
			sourceTree = "<group>";
		};
		120E8F74192FC0A200CDEF95 /* Products */ = {
			isa = PBXGroup;
			children = (
				120E8F73192FC0A200CDEF95 /* ProjetoFinal.app */,
				120E8F94192FC0A200CDEF95 /* ProjetoFinalTests.xctest */,
			);
			name = Products;
			sourceTree = "<group>";
		};
		120E8F75192FC0A200CDEF95 /* Frameworks */ = {
			isa = PBXGroup;
			children = (
				91A9861A196233CD00EA1074 /* SpriteKit.framework */,
				120E8F76192FC0A200CDEF95 /* Foundation.framework */,
				120E8F78192FC0A200CDEF95 /* CoreGraphics.framework */,
				120E8F7A192FC0A200CDEF95 /* UIKit.framework */,
				120E8F95192FC0A200CDEF95 /* XCTest.framework */,
			);
			name = Frameworks;
			sourceTree = "<group>";
		};
		120E8F7C192FC0A200CDEF95 /* ProjetoFinal */ = {
			isa = PBXGroup;
			children = (
				A52974D91962DDEC009A50DD /* Conteudo */,
				91A9860D196231F500EA1074 /* Classes */,
				E501FA69192FCD1600B56B5C /* Imagens */,
				A597F0EB1960A78E006429C7 /* ViewControllers */,
				120E8F85192FC0A200CDEF95 /* AppDelegate.h */,
				120E8F86192FC0A200CDEF95 /* AppDelegate.m */,
				120E8F88192FC0A200CDEF95 /* Main.storyboard */,
				120E8F8B192FC0A200CDEF95 /* ViewController.h */,
				120E8F8C192FC0A200CDEF95 /* ViewController.m */,
				120E8F8E192FC0A200CDEF95 /* Images.xcassets */,
				120E8F7D192FC0A200CDEF95 /* Supporting Files */,
			);
			path = ProjetoFinal;
			sourceTree = "<group>";
		};
		120E8F7D192FC0A200CDEF95 /* Supporting Files */ = {
			isa = PBXGroup;
			children = (
				120E8F7E192FC0A200CDEF95 /* ProjetoFinal-Info.plist */,
				120E8F7F192FC0A200CDEF95 /* InfoPlist.strings */,
				120E8F82192FC0A200CDEF95 /* main.m */,
				120E8F84192FC0A200CDEF95 /* ProjetoFinal-Prefix.pch */,
			);
			name = "Supporting Files";
			sourceTree = "<group>";
		};
		120E8F9B192FC0A200CDEF95 /* ProjetoFinalTests */ = {
			isa = PBXGroup;
			children = (
				120E8FA1192FC0A200CDEF95 /* ProjetoFinalTests.m */,
				120E8F9C192FC0A200CDEF95 /* Supporting Files */,
			);
			path = ProjetoFinalTests;
			sourceTree = "<group>";
		};
		120E8F9C192FC0A200CDEF95 /* Supporting Files */ = {
			isa = PBXGroup;
			children = (
				120E8F9D192FC0A200CDEF95 /* ProjetoFinalTests-Info.plist */,
				120E8F9E192FC0A200CDEF95 /* InfoPlist.strings */,
			);
			name = "Supporting Files";
			sourceTree = "<group>";
		};
		91A9860D196231F500EA1074 /* Classes */ = {
			isa = PBXGroup;
			children = (
				91A98616196232DF00EA1074 /* Exercicios */,
				91A986121962328800EA1074 /* Animacoes */,
				91A9860E1962320500EA1074 /* Assuntos */,
			);
			name = Classes;
			sourceTree = "<group>";
		};
		91A9860E1962320500EA1074 /* Assuntos */ = {
			isa = PBXGroup;
			children = (
				A52974D61962DB1F009A50DD /* Variavel.h */,
				A52974D71962DB1F009A50DD /* Variavel.m */,
				91A9860F1962324500EA1074 /* Assunto.h */,
				91A986101962324500EA1074 /* Assunto.m */,
			);
			name = Assuntos;
			sourceTree = "<group>";
		};
		91A986121962328800EA1074 /* Animacoes */ = {
			isa = PBXGroup;
			children = (
				91A98613196232B900EA1074 /* Animacao.h */,
				91A98614196232B900EA1074 /* Animacao.m */,
			);
			name = Animacoes;
			sourceTree = "<group>";
		};
		91A98616196232DF00EA1074 /* Exercicios */ = {
			isa = PBXGroup;
			children = (
				91A98617196232F800EA1074 /* Exercicio.h */,
				91A98618196232F800EA1074 /* Exercicio.m */,
			);
			name = Exercicios;
			sourceTree = "<group>";
		};
		A52974D91962DDEC009A50DD /* Conteudo */ = {
			isa = PBXGroup;
			children = (
				A52974E21962EF6B009A50DD /* ConceitosVariaveis.txt */,
			);
			name = Conteudo;
			sourceTree = "<group>";
		};
		A597F0EB1960A78E006429C7 /* ViewControllers */ = {
			isa = PBXGroup;
			children = (
				A597F0EC1960A7A6006429C7 /* SubViewConteudo.h */,
				A597F0ED1960A7A6006429C7 /* SubViewConteudo.m */,
				A597F0EE1960A7A6006429C7 /* SubViewConteudoFilho.h */,
				A597F0EF1960A7A6006429C7 /* SubViewConteudoFilho.m */,
				A597F0F01960A7A6006429C7 /* MenuViewController.h */,
				A597F0F11960A7A6006429C7 /* MenuViewController.m */,
				A597F0F21960A7A6006429C7 /* ConteudoViewController.h */,
				A597F0F31960A7A6006429C7 /* ConteudoViewController.m */,
			);
			name = ViewControllers;
			sourceTree = "<group>";
		};
		E501FA69192FCD1600B56B5C /* Imagens */ = {
			isa = PBXGroup;
			children = (
				BD630CAA1948E3F400AF13E7 /* item-variavel.png */,
				E501FA6A192FCD3800B56B5C /* item-memoria.png */,
			);
			name = Imagens;
			sourceTree = "<group>";
		};
/* End PBXGroup section */

/* Begin PBXNativeTarget section */
		120E8F72192FC0A200CDEF95 /* ProjetoFinal */ = {
			isa = PBXNativeTarget;
			buildConfigurationList = 120E8FA5192FC0A200CDEF95 /* Build configuration list for PBXNativeTarget "ProjetoFinal" */;
			buildPhases = (
				120E8F6F192FC0A200CDEF95 /* Sources */,
				120E8F70192FC0A200CDEF95 /* Frameworks */,
				120E8F71192FC0A200CDEF95 /* Resources */,
			);
			buildRules = (
			);
			dependencies = (
			);
			name = ProjetoFinal;
			productName = ProjetoFinal;
			productReference = 120E8F73192FC0A200CDEF95 /* ProjetoFinal.app */;
			productType = "com.apple.product-type.application";
		};
		120E8F93192FC0A200CDEF95 /* ProjetoFinalTests */ = {
			isa = PBXNativeTarget;
			buildConfigurationList = 120E8FA8192FC0A200CDEF95 /* Build configuration list for PBXNativeTarget "ProjetoFinalTests" */;
			buildPhases = (
				120E8F90192FC0A200CDEF95 /* Sources */,
				120E8F91192FC0A200CDEF95 /* Frameworks */,
				120E8F92192FC0A200CDEF95 /* Resources */,
			);
			buildRules = (
			);
			dependencies = (
				120E8F9A192FC0A200CDEF95 /* PBXTargetDependency */,
			);
			name = ProjetoFinalTests;
			productName = ProjetoFinalTests;
			productReference = 120E8F94192FC0A200CDEF95 /* ProjetoFinalTests.xctest */;
			productType = "com.apple.product-type.bundle.unit-test";
		};
/* End PBXNativeTarget section */

/* Begin PBXProject section */
		120E8F6B192FC0A200CDEF95 /* Project object */ = {
			isa = PBXProject;
			attributes = {
				LastUpgradeCheck = 0500;
				ORGANIZATIONNAME = "SENAC - iOS";
				TargetAttributes = {
					120E8F93192FC0A200CDEF95 = {
						TestTargetID = 120E8F72192FC0A200CDEF95;
					};
				};
			};
			buildConfigurationList = 120E8F6E192FC0A200CDEF95 /* Build configuration list for PBXProject "ProjetoFinal" */;
			compatibilityVersion = "Xcode 3.2";
			developmentRegion = English;
			hasScannedForEncodings = 0;
			knownRegions = (
				en,
				Base,
			);
			mainGroup = 120E8F6A192FC0A200CDEF95;
			productRefGroup = 120E8F74192FC0A200CDEF95 /* Products */;
			projectDirPath = "";
			projectRoot = "";
			targets = (
				120E8F72192FC0A200CDEF95 /* ProjetoFinal */,
				120E8F93192FC0A200CDEF95 /* ProjetoFinalTests */,
			);
		};
/* End PBXProject section */

/* Begin PBXResourcesBuildPhase section */
		120E8F71192FC0A200CDEF95 /* Resources */ = {
			isa = PBXResourcesBuildPhase;
			buildActionMask = 2147483647;
			files = (
				120E8F8F192FC0A200CDEF95 /* Images.xcassets in Resources */,
				E501FA6B192FCD3800B56B5C /* item-memoria.png in Resources */,
				120E8F81192FC0A200CDEF95 /* InfoPlist.strings in Resources */,
				A52974E31962EF6B009A50DD /* ConceitosVariaveis.txt in Resources */,
				120E8F8A192FC0A200CDEF95 /* Main.storyboard in Resources */,
				BD630CAB1948E3F400AF13E7 /* item-variavel.png in Resources */,
			);
			runOnlyForDeploymentPostprocessing = 0;
		};
		120E8F92192FC0A200CDEF95 /* Resources */ = {
			isa = PBXResourcesBuildPhase;
			buildActionMask = 2147483647;
			files = (
				120E8FA0192FC0A200CDEF95 /* InfoPlist.strings in Resources */,
			);
			runOnlyForDeploymentPostprocessing = 0;
		};
/* End PBXResourcesBuildPhase section */

/* Begin PBXSourcesBuildPhase section */
		120E8F6F192FC0A200CDEF95 /* Sources */ = {
			isa = PBXSourcesBuildPhase;
			buildActionMask = 2147483647;
			files = (
				A597F0F71960A7A6006429C7 /* ConteudoViewController.m in Sources */,
				91A986111962324500EA1074 /* Assunto.m in Sources */,
				120E8F8D192FC0A200CDEF95 /* ViewController.m in Sources */,
				A597F0F61960A7A6006429C7 /* MenuViewController.m in Sources */,
				120E8F87192FC0A200CDEF95 /* AppDelegate.m in Sources */,
				91A98619196232F800EA1074 /* Exercicio.m in Sources */,
				A597F0F41960A7A6006429C7 /* SubViewConteudo.m in Sources */,
				120E8F83192FC0A200CDEF95 /* main.m in Sources */,
				A597F0F51960A7A6006429C7 /* SubViewConteudoFilho.m in Sources */,
				91A98615196232B900EA1074 /* Animacao.m in Sources */,
				A52974D81962DB1F009A50DD /* Variavel.m in Sources */,
			);
			runOnlyForDeploymentPostprocessing = 0;
		};
		120E8F90192FC0A200CDEF95 /* Sources */ = {
			isa = PBXSourcesBuildPhase;
			buildActionMask = 2147483647;
			files = (
				120E8FA2192FC0A200CDEF95 /* ProjetoFinalTests.m in Sources */,
			);
			runOnlyForDeploymentPostprocessing = 0;
		};
/* End PBXSourcesBuildPhase section */

/* Begin PBXTargetDependency section */
		120E8F9A192FC0A200CDEF95 /* PBXTargetDependency */ = {
			isa = PBXTargetDependency;
			target = 120E8F72192FC0A200CDEF95 /* ProjetoFinal */;
			targetProxy = 120E8F99192FC0A200CDEF95 /* PBXContainerItemProxy */;
		};
/* End PBXTargetDependency section */

/* Begin PBXVariantGroup section */
		120E8F7F192FC0A200CDEF95 /* InfoPlist.strings */ = {
			isa = PBXVariantGroup;
			children = (
				120E8F80192FC0A200CDEF95 /* en */,
			);
			name = InfoPlist.strings;
			sourceTree = "<group>";
		};
		120E8F88192FC0A200CDEF95 /* Main.storyboard */ = {
			isa = PBXVariantGroup;
			children = (
				120E8F89192FC0A200CDEF95 /* Base */,
			);
			name = Main.storyboard;
			sourceTree = "<group>";
		};
		120E8F9E192FC0A200CDEF95 /* InfoPlist.strings */ = {
			isa = PBXVariantGroup;
			children = (
				120E8F9F192FC0A200CDEF95 /* en */,
			);
			name = InfoPlist.strings;
			sourceTree = "<group>";
		};
/* End PBXVariantGroup section */

/* Begin XCBuildConfiguration section */
		120E8FA3192FC0A200CDEF95 /* Debug */ = {
			isa = XCBuildConfiguration;
			buildSettings = {
				ALWAYS_SEARCH_USER_PATHS = NO;
				ARCHS = "$(ARCHS_STANDARD_INCLUDING_64_BIT)";
				CLANG_CXX_LANGUAGE_STANDARD = "gnu++0x";
				CLANG_CXX_LIBRARY = "libc++";
				CLANG_ENABLE_MODULES = YES;
				CLANG_ENABLE_OBJC_ARC = YES;
				CLANG_WARN_BOOL_CONVERSION = YES;
				CLANG_WARN_CONSTANT_CONVERSION = YES;
				CLANG_WARN_DIRECT_OBJC_ISA_USAGE = YES_ERROR;
				CLANG_WARN_EMPTY_BODY = YES;
				CLANG_WARN_ENUM_CONVERSION = YES;
				CLANG_WARN_INT_CONVERSION = YES;
				CLANG_WARN_OBJC_ROOT_CLASS = YES_ERROR;
				CLANG_WARN__DUPLICATE_METHOD_MATCH = YES;
				"CODE_SIGN_IDENTITY[sdk=iphoneos*]" = "iPhone Developer";
				COPY_PHASE_STRIP = NO;
				GCC_C_LANGUAGE_STANDARD = gnu99;
				GCC_DYNAMIC_NO_PIC = NO;
				GCC_OPTIMIZATION_LEVEL = 0;
				GCC_PREPROCESSOR_DEFINITIONS = (
					"DEBUG=1",
					"$(inherited)",
				);
				GCC_SYMBOLS_PRIVATE_EXTERN = NO;
				GCC_WARN_64_TO_32_BIT_CONVERSION = YES;
				GCC_WARN_ABOUT_RETURN_TYPE = YES_ERROR;
				GCC_WARN_UNDECLARED_SELECTOR = YES;
				GCC_WARN_UNINITIALIZED_AUTOS = YES;
				GCC_WARN_UNUSED_FUNCTION = YES;
				GCC_WARN_UNUSED_VARIABLE = YES;
				IPHONEOS_DEPLOYMENT_TARGET = 7.0;
				ONLY_ACTIVE_ARCH = YES;
				SDKROOT = iphoneos;
				TARGETED_DEVICE_FAMILY = 2;
			};
			name = Debug;
		};
		120E8FA4192FC0A200CDEF95 /* Release */ = {
			isa = XCBuildConfiguration;
			buildSettings = {
				ALWAYS_SEARCH_USER_PATHS = NO;
				ARCHS = "$(ARCHS_STANDARD_INCLUDING_64_BIT)";
				CLANG_CXX_LANGUAGE_STANDARD = "gnu++0x";
				CLANG_CXX_LIBRARY = "libc++";
				CLANG_ENABLE_MODULES = YES;
				CLANG_ENABLE_OBJC_ARC = YES;
				CLANG_WARN_BOOL_CONVERSION = YES;
				CLANG_WARN_CONSTANT_CONVERSION = YES;
				CLANG_WARN_DIRECT_OBJC_ISA_USAGE = YES_ERROR;
				CLANG_WARN_EMPTY_BODY = YES;
				CLANG_WARN_ENUM_CONVERSION = YES;
				CLANG_WARN_INT_CONVERSION = YES;
				CLANG_WARN_OBJC_ROOT_CLASS = YES_ERROR;
				CLANG_WARN__DUPLICATE_METHOD_MATCH = YES;
				"CODE_SIGN_IDENTITY[sdk=iphoneos*]" = "iPhone Developer";
				COPY_PHASE_STRIP = YES;
				ENABLE_NS_ASSERTIONS = NO;
				GCC_C_LANGUAGE_STANDARD = gnu99;
				GCC_WARN_64_TO_32_BIT_CONVERSION = YES;
				GCC_WARN_ABOUT_RETURN_TYPE = YES_ERROR;
				GCC_WARN_UNDECLARED_SELECTOR = YES;
				GCC_WARN_UNINITIALIZED_AUTOS = YES;
				GCC_WARN_UNUSED_FUNCTION = YES;
				GCC_WARN_UNUSED_VARIABLE = YES;
				IPHONEOS_DEPLOYMENT_TARGET = 7.0;
				SDKROOT = iphoneos;
				TARGETED_DEVICE_FAMILY = 2;
				VALIDATE_PRODUCT = YES;
			};
			name = Release;
		};
		120E8FA6192FC0A200CDEF95 /* Debug */ = {
			isa = XCBuildConfiguration;
			buildSettings = {
				ASSETCATALOG_COMPILER_APPICON_NAME = AppIcon;
				ASSETCATALOG_COMPILER_LAUNCHIMAGE_NAME = LaunchImage;
				GCC_PRECOMPILE_PREFIX_HEADER = YES;
				GCC_PREFIX_HEADER = "ProjetoFinal/ProjetoFinal-Prefix.pch";
				INFOPLIST_FILE = "ProjetoFinal/ProjetoFinal-Info.plist";
				IPHONEOS_DEPLOYMENT_TARGET = 7.0;
				PRODUCT_NAME = "$(TARGET_NAME)";
				WRAPPER_EXTENSION = app;
			};
			name = Debug;
		};
		120E8FA7192FC0A200CDEF95 /* Release */ = {
			isa = XCBuildConfiguration;
			buildSettings = {
				ASSETCATALOG_COMPILER_APPICON_NAME = AppIcon;
				ASSETCATALOG_COMPILER_LAUNCHIMAGE_NAME = LaunchImage;
				GCC_PRECOMPILE_PREFIX_HEADER = YES;
				GCC_PREFIX_HEADER = "ProjetoFinal/ProjetoFinal-Prefix.pch";
				INFOPLIST_FILE = "ProjetoFinal/ProjetoFinal-Info.plist";
				IPHONEOS_DEPLOYMENT_TARGET = 7.0;
				PRODUCT_NAME = "$(TARGET_NAME)";
				WRAPPER_EXTENSION = app;
			};
			name = Release;
		};
		120E8FA9192FC0A200CDEF95 /* Debug */ = {
			isa = XCBuildConfiguration;
			buildSettings = {
				ARCHS = "$(ARCHS_STANDARD_INCLUDING_64_BIT)";
				BUNDLE_LOADER = "$(BUILT_PRODUCTS_DIR)/ProjetoFinal.app/ProjetoFinal";
				FRAMEWORK_SEARCH_PATHS = (
					"$(SDKROOT)/Developer/Library/Frameworks",
					"$(inherited)",
					"$(DEVELOPER_FRAMEWORKS_DIR)",
				);
				GCC_PRECOMPILE_PREFIX_HEADER = YES;
				GCC_PREFIX_HEADER = "ProjetoFinal/ProjetoFinal-Prefix.pch";
				GCC_PREPROCESSOR_DEFINITIONS = (
					"DEBUG=1",
					"$(inherited)",
				);
				INFOPLIST_FILE = "ProjetoFinalTests/ProjetoFinalTests-Info.plist";
				PRODUCT_NAME = "$(TARGET_NAME)";
				TEST_HOST = "$(BUNDLE_LOADER)";
				WRAPPER_EXTENSION = xctest;
			};
			name = Debug;
		};
		120E8FAA192FC0A200CDEF95 /* Release */ = {
			isa = XCBuildConfiguration;
			buildSettings = {
				ARCHS = "$(ARCHS_STANDARD_INCLUDING_64_BIT)";
				BUNDLE_LOADER = "$(BUILT_PRODUCTS_DIR)/ProjetoFinal.app/ProjetoFinal";
				FRAMEWORK_SEARCH_PATHS = (
					"$(SDKROOT)/Developer/Library/Frameworks",
					"$(inherited)",
					"$(DEVELOPER_FRAMEWORKS_DIR)",
				);
				GCC_PRECOMPILE_PREFIX_HEADER = YES;
				GCC_PREFIX_HEADER = "ProjetoFinal/ProjetoFinal-Prefix.pch";
				INFOPLIST_FILE = "ProjetoFinalTests/ProjetoFinalTests-Info.plist";
				PRODUCT_NAME = "$(TARGET_NAME)";
				TEST_HOST = "$(BUNDLE_LOADER)";
				WRAPPER_EXTENSION = xctest;
			};
			name = Release;
		};
/* End XCBuildConfiguration section */

/* Begin XCConfigurationList section */
		120E8F6E192FC0A200CDEF95 /* Build configuration list for PBXProject "ProjetoFinal" */ = {
			isa = XCConfigurationList;
			buildConfigurations = (
				120E8FA3192FC0A200CDEF95 /* Debug */,
				120E8FA4192FC0A200CDEF95 /* Release */,
			);
			defaultConfigurationIsVisible = 0;
			defaultConfigurationName = Release;
		};
		120E8FA5192FC0A200CDEF95 /* Build configuration list for PBXNativeTarget "ProjetoFinal" */ = {
			isa = XCConfigurationList;
			buildConfigurations = (
				120E8FA6192FC0A200CDEF95 /* Debug */,
				120E8FA7192FC0A200CDEF95 /* Release */,
			);
			defaultConfigurationIsVisible = 0;
			defaultConfigurationName = Release;
		};
		120E8FA8192FC0A200CDEF95 /* Build configuration list for PBXNativeTarget "ProjetoFinalTests" */ = {
			isa = XCConfigurationList;
			buildConfigurations = (
				120E8FA9192FC0A200CDEF95 /* Debug */,
				120E8FAA192FC0A200CDEF95 /* Release */,
			);
			defaultConfigurationIsVisible = 0;
			defaultConfigurationName = Release;
		};
/* End XCConfigurationList section */
	};
	rootObject = 120E8F6B192FC0A200CDEF95 /* Project object */;
}
