// !$*UTF8*$!
{
	archiveVersion = 1;
	classes = {
	};
	objectVersion = 46;
	objects = {

/* Begin PBXBuildFile section */
		120E8F77192FC0A200CDEF95 /* Foundation.framework in Frameworks */ = {isa = PBXBuildFile; fileRef = 120E8F76192FC0A200CDEF95 /* Foundation.framework */; };
		120E8F79192FC0A200CDEF95 /* CoreGraphics.framework in Frameworks */ = {isa = PBXBuildFile; fileRef = 120E8F78192FC0A200CDEF95 /* CoreGraphics.framework */; };
		120E8F7B192FC0A200CDEF95 /* UIKit.framework in Frameworks */ = {isa = PBXBuildFile; fileRef = 120E8F7A192FC0A200CDEF95 /* UIKit.framework */; };
		120E8F81192FC0A200CDEF95 /* InfoPlist.strings in Resources */ = {isa = PBXBuildFile; fileRef = 120E8F7F192FC0A200CDEF95 /* InfoPlist.strings */; };
		120E8F83192FC0A200CDEF95 /* main.m in Sources */ = {isa = PBXBuildFile; fileRef = 120E8F82192FC0A200CDEF95 /* main.m */; };
		120E8F87192FC0A200CDEF95 /* AppDelegate.m in Sources */ = {isa = PBXBuildFile; fileRef = 120E8F86192FC0A200CDEF95 /* AppDelegate.m */; };
		120E8F8A192FC0A200CDEF95 /* Main.storyboard in Resources */ = {isa = PBXBuildFile; fileRef = 120E8F88192FC0A200CDEF95 /* Main.storyboard */; };
		120E8F8D192FC0A200CDEF95 /* ViewController.m in Sources */ = {isa = PBXBuildFile; fileRef = 120E8F8C192FC0A200CDEF95 /* ViewController.m */; };
		120E8F8F192FC0A200CDEF95 /* Images.xcassets in Resources */ = {isa = PBXBuildFile; fileRef = 120E8F8E192FC0A200CDEF95 /* Images.xcassets */; };
		120E8F96192FC0A200CDEF95 /* XCTest.framework in Frameworks */ = {isa = PBXBuildFile; fileRef = 120E8F95192FC0A200CDEF95 /* XCTest.framework */; };
		120E8F97192FC0A200CDEF95 /* Foundation.framework in Frameworks */ = {isa = PBXBuildFile; fileRef = 120E8F76192FC0A200CDEF95 /* Foundation.framework */; };
		120E8F98192FC0A200CDEF95 /* UIKit.framework in Frameworks */ = {isa = PBXBuildFile; fileRef = 120E8F7A192FC0A200CDEF95 /* UIKit.framework */; };
		120E8FA0192FC0A200CDEF95 /* InfoPlist.strings in Resources */ = {isa = PBXBuildFile; fileRef = 120E8F9E192FC0A200CDEF95 /* InfoPlist.strings */; };
		120E8FA2192FC0A200CDEF95 /* ProjetoFinalTests.m in Sources */ = {isa = PBXBuildFile; fileRef = 120E8FA1192FC0A200CDEF95 /* ProjetoFinalTests.m */; };
		8418F87C1970817000781F82 /* ConteudoDasCaixas.m in Sources */ = {isa = PBXBuildFile; fileRef = 8418F8791970817000781F82 /* ConteudoDasCaixas.m */; };
		8418F87D1970817000781F82 /* Exercicio1Variavel.m in Sources */ = {isa = PBXBuildFile; fileRef = 8418F87B1970817000781F82 /* Exercicio1Variavel.m */; };
		8418F88119708B0900781F82 /* ExercicioVIewContollerViewController.m in Sources */ = {isa = PBXBuildFile; fileRef = 8418F88019708B0900781F82 /* ExercicioVIewContollerViewController.m */; };
		91A986111962324500EA1074 /* Assunto.m in Sources */ = {isa = PBXBuildFile; fileRef = 91A986101962324500EA1074 /* Assunto.m */; };
		91A98615196232B900EA1074 /* Animacao.m in Sources */ = {isa = PBXBuildFile; fileRef = 91A98614196232B900EA1074 /* Animacao.m */; };
		91A98619196232F800EA1074 /* Exercicio.m in Sources */ = {isa = PBXBuildFile; fileRef = 91A98618196232F800EA1074 /* Exercicio.m */; };
		91A9861B196233CD00EA1074 /* SpriteKit.framework in Frameworks */ = {isa = PBXBuildFile; fileRef = 91A9861A196233CD00EA1074 /* SpriteKit.framework */; };
		91A9861E1962392400EA1074 /* GerenciadorDeAssunto.m in Sources */ = {isa = PBXBuildFile; fileRef = 91A9861D1962392400EA1074 /* GerenciadorDeAssunto.m */; };
		A529DF1B1965DB7500A3D9FB /* Relacional.m in Sources */ = {isa = PBXBuildFile; fileRef = A529DF161965DB7500A3D9FB /* Relacional.m */; };
		A529DF1C1965DB7500A3D9FB /* Aritimetico.m in Sources */ = {isa = PBXBuildFile; fileRef = A529DF181965DB7500A3D9FB /* Aritimetico.m */; };
		A529DF1D1965DB7500A3D9FB /* Logico.m in Sources */ = {isa = PBXBuildFile; fileRef = A529DF1A1965DB7500A3D9FB /* Logico.m */; };
		A529DF201965DB8A00A3D9FB /* Calculador.m in Sources */ = {isa = PBXBuildFile; fileRef = A529DF1F1965DB8A00A3D9FB /* Calculador.m */; };
		A559E4111970524100BDFDB8 /* Validador.m in Sources */ = {isa = PBXBuildFile; fileRef = A559E4101970524100BDFDB8 /* Validador.m */; };
		A55F2B411964879A00111BEB /* Variavel.m in Sources */ = {isa = PBXBuildFile; fileRef = A55F2B401964879A00111BEB /* Variavel.m */; };
		A55F2B4419648C0600111BEB /* ConceitosVariaveis.txt in Resources */ = {isa = PBXBuildFile; fileRef = A55F2B4319648C0600111BEB /* ConceitosVariaveis.txt */; };
		A597F0F41960A7A6006429C7 /* SubViewConteudo.m in Sources */ = {isa = PBXBuildFile; fileRef = A597F0ED1960A7A6006429C7 /* SubViewConteudo.m */; };
		A597F0F51960A7A6006429C7 /* SubViewConteudoFilho.m in Sources */ = {isa = PBXBuildFile; fileRef = A597F0EF1960A7A6006429C7 /* SubViewConteudoFilho.m */; };
		A597F0F61960A7A6006429C7 /* MenuViewController.m in Sources */ = {isa = PBXBuildFile; fileRef = A597F0F11960A7A6006429C7 /* MenuViewController.m */; };
		A597F0F71960A7A6006429C7 /* ConteudoViewController.m in Sources */ = {isa = PBXBuildFile; fileRef = A597F0F31960A7A6006429C7 /* ConteudoViewController.m */; };
		BD4B4BDB197075BD00D6E839 /* SpriteCaixaNode.m in Sources */ = {isa = PBXBuildFile; fileRef = BD4B4BDA197075BD00D6E839 /* SpriteCaixaNode.m */; };
		BD630CAB1948E3F400AF13E7 /* item-variavel.png in Resources */ = {isa = PBXBuildFile; fileRef = BD630CAA1948E3F400AF13E7 /* item-variavel.png */; };
		BDB4810B196CB7FC00D5901A /* Operadores.m in Sources */ = {isa = PBXBuildFile; fileRef = BDB4810A196CB7FC00D5901A /* Operadores.m */; };
		BDB48111196CB89400D5901A /* AnimaOperadores.m in Sources */ = {isa = PBXBuildFile; fileRef = BDB48110196CB89400D5901A /* AnimaOperadores.m */; };
		BDB893D719677B3A009C105C /* AnimaVariavel.m in Sources */ = {isa = PBXBuildFile; fileRef = BDB893D619677B3A009C105C /* AnimaVariavel.m */; };
		BDC7579E196787E700DB8380 /* abrir-caixa1.png in Resources */ = {isa = PBXBuildFile; fileRef = BDC75791196787E700DB8380 /* abrir-caixa1.png */; };
		BDC7579F196787E700DB8380 /* abrir-caixa2.png in Resources */ = {isa = PBXBuildFile; fileRef = BDC75792196787E700DB8380 /* abrir-caixa2.png */; };
		BDC757A0196787E700DB8380 /* abrir-caixa3.png in Resources */ = {isa = PBXBuildFile; fileRef = BDC75793196787E700DB8380 /* abrir-caixa3.png */; };
		BDC757A1196787E700DB8380 /* abrir-caixa4.png in Resources */ = {isa = PBXBuildFile; fileRef = BDC75794196787E700DB8380 /* abrir-caixa4.png */; };
		BDC757A2196787E700DB8380 /* abrir-caixa5.png in Resources */ = {isa = PBXBuildFile; fileRef = BDC75795196787E700DB8380 /* abrir-caixa5.png */; };
		BDC757A3196787E700DB8380 /* abrir-caixa6.png in Resources */ = {isa = PBXBuildFile; fileRef = BDC75796196787E700DB8380 /* abrir-caixa6.png */; };
		BDC757A4196787E700DB8380 /* abrir-caixa7.png in Resources */ = {isa = PBXBuildFile; fileRef = BDC75797196787E700DB8380 /* abrir-caixa7.png */; };
		BDC757A5196787E700DB8380 /* abrir-caixa8.png in Resources */ = {isa = PBXBuildFile; fileRef = BDC75798196787E700DB8380 /* abrir-caixa8.png */; };
		BDC757A6196787E700DB8380 /* abrir-caixa9.png in Resources */ = {isa = PBXBuildFile; fileRef = BDC75799196787E700DB8380 /* abrir-caixa9.png */; };
		BDC757A7196787E700DB8380 /* abrir-caixa10.png in Resources */ = {isa = PBXBuildFile; fileRef = BDC7579A196787E700DB8380 /* abrir-caixa10.png */; };
		BDC757A8196787E700DB8380 /* abrir-caixa11.png in Resources */ = {isa = PBXBuildFile; fileRef = BDC7579B196787E700DB8380 /* abrir-caixa11.png */; };
		BDC757A9196787E700DB8380 /* abrir-caixa12.png in Resources */ = {isa = PBXBuildFile; fileRef = BDC7579C196787E700DB8380 /* abrir-caixa12.png */; };
		BDC757AA196787E700DB8380 /* abrir-caixa13.png in Resources */ = {isa = PBXBuildFile; fileRef = BDC7579D196787E700DB8380 /* abrir-caixa13.png */; };
		E501FA6B192FCD3800B56B5C /* item-memoria.png in Resources */ = {isa = PBXBuildFile; fileRef = E501FA6A192FCD3800B56B5C /* item-memoria.png */; };
/* End PBXBuildFile section */

/* Begin PBXContainerItemProxy section */
		120E8F99192FC0A200CDEF95 /* PBXContainerItemProxy */ = {
			isa = PBXContainerItemProxy;
			containerPortal = 120E8F6B192FC0A200CDEF95 /* Project object */;
			proxyType = 1;
			remoteGlobalIDString = 120E8F72192FC0A200CDEF95;
			remoteInfo = ProjetoFinal;
		};
/* End PBXContainerItemProxy section */

/* Begin PBXFileReference section */
		120E8F73192FC0A200CDEF95 /* ProjetoFinal.app */ = {isa = PBXFileReference; explicitFileType = wrapper.application; includeInIndex = 0; path = ProjetoFinal.app; sourceTree = BUILT_PRODUCTS_DIR; };
		120E8F76192FC0A200CDEF95 /* Foundation.framework */ = {isa = PBXFileReference; lastKnownFileType = wrapper.framework; name = Foundation.framework; path = System/Library/Frameworks/Foundation.framework; sourceTree = SDKROOT; };
		120E8F78192FC0A200CDEF95 /* CoreGraphics.framework */ = {isa = PBXFileReference; lastKnownFileType = wrapper.framework; name = CoreGraphics.framework; path = System/Library/Frameworks/CoreGraphics.framework; sourceTree = SDKROOT; };
		120E8F7A192FC0A200CDEF95 /* UIKit.framework */ = {isa = PBXFileReference; lastKnownFileType = wrapper.framework; name = UIKit.framework; path = System/Library/Frameworks/UIKit.framework; sourceTree = SDKROOT; };
		120E8F7E192FC0A200CDEF95 /* ProjetoFinal-Info.plist */ = {isa = PBXFileReference; lastKnownFileType = text.plist.xml; path = "ProjetoFinal-Info.plist"; sourceTree = "<group>"; };
		120E8F80192FC0A200CDEF95 /* en */ = {isa = PBXFileReference; lastKnownFileType = text.plist.strings; name = en; path = en.lproj/InfoPlist.strings; sourceTree = "<group>"; };
		120E8F82192FC0A200CDEF95 /* main.m */ = {isa = PBXFileReference; lastKnownFileType = sourcecode.c.objc; path = main.m; sourceTree = "<group>"; };
		120E8F84192FC0A200CDEF95 /* ProjetoFinal-Prefix.pch */ = {isa = PBXFileReference; lastKnownFileType = sourcecode.c.h; path = "ProjetoFinal-Prefix.pch"; sourceTree = "<group>"; };
		120E8F85192FC0A200CDEF95 /* AppDelegate.h */ = {isa = PBXFileReference; lastKnownFileType = sourcecode.c.h; path = AppDelegate.h; sourceTree = "<group>"; };
		120E8F86192FC0A200CDEF95 /* AppDelegate.m */ = {isa = PBXFileReference; lastKnownFileType = sourcecode.c.objc; path = AppDelegate.m; sourceTree = "<group>"; };
		120E8F89192FC0A200CDEF95 /* Base */ = {isa = PBXFileReference; lastKnownFileType = file.storyboard; name = Base; path = Base.lproj/Main.storyboard; sourceTree = "<group>"; };
		120E8F8B192FC0A200CDEF95 /* ViewController.h */ = {isa = PBXFileReference; lastKnownFileType = sourcecode.c.h; path = ViewController.h; sourceTree = "<group>"; };
		120E8F8C192FC0A200CDEF95 /* ViewController.m */ = {isa = PBXFileReference; lastKnownFileType = sourcecode.c.objc; path = ViewController.m; sourceTree = "<group>"; };
		120E8F8E192FC0A200CDEF95 /* Images.xcassets */ = {isa = PBXFileReference; lastKnownFileType = folder.assetcatalog; path = Images.xcassets; sourceTree = "<group>"; };
		120E8F94192FC0A200CDEF95 /* ProjetoFinalTests.xctest */ = {isa = PBXFileReference; explicitFileType = wrapper.cfbundle; includeInIndex = 0; path = ProjetoFinalTests.xctest; sourceTree = BUILT_PRODUCTS_DIR; };
		120E8F95192FC0A200CDEF95 /* XCTest.framework */ = {isa = PBXFileReference; lastKnownFileType = wrapper.framework; name = XCTest.framework; path = Library/Frameworks/XCTest.framework; sourceTree = DEVELOPER_DIR; };
		120E8F9D192FC0A200CDEF95 /* ProjetoFinalTests-Info.plist */ = {isa = PBXFileReference; lastKnownFileType = text.plist.xml; path = "ProjetoFinalTests-Info.plist"; sourceTree = "<group>"; };
		120E8F9F192FC0A200CDEF95 /* en */ = {isa = PBXFileReference; lastKnownFileType = text.plist.strings; name = en; path = en.lproj/InfoPlist.strings; sourceTree = "<group>"; };
		120E8FA1192FC0A200CDEF95 /* ProjetoFinalTests.m */ = {isa = PBXFileReference; lastKnownFileType = sourcecode.c.objc; path = ProjetoFinalTests.m; sourceTree = "<group>"; };
		8418F8781970817000781F82 /* ConteudoDasCaixas.h */ = {isa = PBXFileReference; fileEncoding = 4; lastKnownFileType = sourcecode.c.h; path = ConteudoDasCaixas.h; sourceTree = "<group>"; };
		8418F8791970817000781F82 /* ConteudoDasCaixas.m */ = {isa = PBXFileReference; fileEncoding = 4; lastKnownFileType = sourcecode.c.objc; path = ConteudoDasCaixas.m; sourceTree = "<group>"; };
		8418F87A1970817000781F82 /* Exercicio1Variavel.h */ = {isa = PBXFileReference; fileEncoding = 4; lastKnownFileType = sourcecode.c.h; path = Exercicio1Variavel.h; sourceTree = "<group>"; };
		8418F87B1970817000781F82 /* Exercicio1Variavel.m */ = {isa = PBXFileReference; fileEncoding = 4; lastKnownFileType = sourcecode.c.objc; path = Exercicio1Variavel.m; sourceTree = "<group>"; };
		8418F87F19708B0900781F82 /* ExercicioVIewContollerViewController.h */ = {isa = PBXFileReference; fileEncoding = 4; lastKnownFileType = sourcecode.c.h; path = ExercicioVIewContollerViewController.h; sourceTree = "<group>"; };
		8418F88019708B0900781F82 /* ExercicioVIewContollerViewController.m */ = {isa = PBXFileReference; fileEncoding = 4; lastKnownFileType = sourcecode.c.objc; path = ExercicioVIewContollerViewController.m; sourceTree = "<group>"; };
		91A9860F1962324500EA1074 /* Assunto.h */ = {isa = PBXFileReference; fileEncoding = 4; lastKnownFileType = sourcecode.c.h; name = Assunto.h; path = Assuntos/Assunto.h; sourceTree = "<group>"; };
		91A986101962324500EA1074 /* Assunto.m */ = {isa = PBXFileReference; fileEncoding = 4; lastKnownFileType = sourcecode.c.objc; name = Assunto.m; path = Assuntos/Assunto.m; sourceTree = "<group>"; };
		91A98613196232B900EA1074 /* Animacao.h */ = {isa = PBXFileReference; fileEncoding = 4; lastKnownFileType = sourcecode.c.h; name = Animacao.h; path = Animacoes/Animacao.h; sourceTree = "<group>"; };
		91A98614196232B900EA1074 /* Animacao.m */ = {isa = PBXFileReference; fileEncoding = 4; lastKnownFileType = sourcecode.c.objc; name = Animacao.m; path = Animacoes/Animacao.m; sourceTree = "<group>"; };
		91A98617196232F800EA1074 /* Exercicio.h */ = {isa = PBXFileReference; fileEncoding = 4; lastKnownFileType = sourcecode.c.h; name = Exercicio.h; path = Exercicios/Exercicio.h; sourceTree = "<group>"; };
		91A98618196232F800EA1074 /* Exercicio.m */ = {isa = PBXFileReference; fileEncoding = 4; lastKnownFileType = sourcecode.c.objc; name = Exercicio.m; path = Exercicios/Exercicio.m; sourceTree = "<group>"; };
		91A9861A196233CD00EA1074 /* SpriteKit.framework */ = {isa = PBXFileReference; lastKnownFileType = wrapper.framework; name = SpriteKit.framework; path = System/Library/Frameworks/SpriteKit.framework; sourceTree = SDKROOT; };
		91A9861C1962392400EA1074 /* GerenciadorDeAssunto.h */ = {isa = PBXFileReference; fileEncoding = 4; lastKnownFileType = sourcecode.c.h; path = GerenciadorDeAssunto.h; sourceTree = "<group>"; };
		91A9861D1962392400EA1074 /* GerenciadorDeAssunto.m */ = {isa = PBXFileReference; fileEncoding = 4; lastKnownFileType = sourcecode.c.objc; path = GerenciadorDeAssunto.m; sourceTree = "<group>"; };
		A529DF151965DB7500A3D9FB /* Relacional.h */ = {isa = PBXFileReference; fileEncoding = 4; lastKnownFileType = sourcecode.c.h; path = Relacional.h; sourceTree = "<group>"; };
		A529DF161965DB7500A3D9FB /* Relacional.m */ = {isa = PBXFileReference; fileEncoding = 4; lastKnownFileType = sourcecode.c.objc; path = Relacional.m; sourceTree = "<group>"; };
		A529DF171965DB7500A3D9FB /* Aritimetico.h */ = {isa = PBXFileReference; fileEncoding = 4; lastKnownFileType = sourcecode.c.h; path = Aritimetico.h; sourceTree = "<group>"; };
		A529DF181965DB7500A3D9FB /* Aritimetico.m */ = {isa = PBXFileReference; fileEncoding = 4; lastKnownFileType = sourcecode.c.objc; path = Aritimetico.m; sourceTree = "<group>"; };
		A529DF191965DB7500A3D9FB /* Logico.h */ = {isa = PBXFileReference; fileEncoding = 4; lastKnownFileType = sourcecode.c.h; path = Logico.h; sourceTree = "<group>"; };
		A529DF1A1965DB7500A3D9FB /* Logico.m */ = {isa = PBXFileReference; fileEncoding = 4; lastKnownFileType = sourcecode.c.objc; path = Logico.m; sourceTree = "<group>"; };
		A529DF1E1965DB8A00A3D9FB /* Calculador.h */ = {isa = PBXFileReference; fileEncoding = 4; lastKnownFileType = sourcecode.c.h; path = Calculador.h; sourceTree = "<group>"; };
		A529DF1F1965DB8A00A3D9FB /* Calculador.m */ = {isa = PBXFileReference; fileEncoding = 4; lastKnownFileType = sourcecode.c.objc; path = Calculador.m; sourceTree = "<group>"; };
		A559E40F1970524100BDFDB8 /* Validador.h */ = {isa = PBXFileReference; fileEncoding = 4; lastKnownFileType = sourcecode.c.h; path = Validador.h; sourceTree = "<group>"; };
		A559E4101970524100BDFDB8 /* Validador.m */ = {isa = PBXFileReference; fileEncoding = 4; lastKnownFileType = sourcecode.c.objc; path = Validador.m; sourceTree = "<group>"; };
		A55F2B3F1964879A00111BEB /* Variavel.h */ = {isa = PBXFileReference; fileEncoding = 4; lastKnownFileType = sourcecode.c.h; path = Variavel.h; sourceTree = "<group>"; };
		A55F2B401964879A00111BEB /* Variavel.m */ = {isa = PBXFileReference; fileEncoding = 4; lastKnownFileType = sourcecode.c.objc; path = Variavel.m; sourceTree = "<group>"; };
		A55F2B4319648C0600111BEB /* ConceitosVariaveis.txt */ = {isa = PBXFileReference; fileEncoding = 4; lastKnownFileType = text; path = ConceitosVariaveis.txt; sourceTree = "<group>"; };
		A597F0EC1960A7A6006429C7 /* SubViewConteudo.h */ = {isa = PBXFileReference; fileEncoding = 4; lastKnownFileType = sourcecode.c.h; lineEnding = 0; path = SubViewConteudo.h; sourceTree = "<group>"; xcLanguageSpecificationIdentifier = xcode.lang.objcpp; };
		A597F0ED1960A7A6006429C7 /* SubViewConteudo.m */ = {isa = PBXFileReference; fileEncoding = 4; lastKnownFileType = sourcecode.c.objc; lineEnding = 0; path = SubViewConteudo.m; sourceTree = "<group>"; xcLanguageSpecificationIdentifier = xcode.lang.objc; };
		A597F0EE1960A7A6006429C7 /* SubViewConteudoFilho.h */ = {isa = PBXFileReference; fileEncoding = 4; lastKnownFileType = sourcecode.c.h; lineEnding = 0; path = SubViewConteudoFilho.h; sourceTree = "<group>"; xcLanguageSpecificationIdentifier = xcode.lang.objcpp; };
		A597F0EF1960A7A6006429C7 /* SubViewConteudoFilho.m */ = {isa = PBXFileReference; fileEncoding = 4; lastKnownFileType = sourcecode.c.objc; lineEnding = 0; path = SubViewConteudoFilho.m; sourceTree = "<group>"; xcLanguageSpecificationIdentifier = xcode.lang.objc; };
		A597F0F01960A7A6006429C7 /* MenuViewController.h */ = {isa = PBXFileReference; fileEncoding = 4; lastKnownFileType = sourcecode.c.h; path = MenuViewController.h; sourceTree = "<group>"; };
		A597F0F11960A7A6006429C7 /* MenuViewController.m */ = {isa = PBXFileReference; fileEncoding = 4; lastKnownFileType = sourcecode.c.objc; path = MenuViewController.m; sourceTree = "<group>"; };
		A597F0F21960A7A6006429C7 /* ConteudoViewController.h */ = {isa = PBXFileReference; fileEncoding = 4; lastKnownFileType = sourcecode.c.h; path = ConteudoViewController.h; sourceTree = "<group>"; };
		A597F0F31960A7A6006429C7 /* ConteudoViewController.m */ = {isa = PBXFileReference; fileEncoding = 4; lastKnownFileType = sourcecode.c.objc; lineEnding = 0; path = ConteudoViewController.m; sourceTree = "<group>"; xcLanguageSpecificationIdentifier = xcode.lang.objc; };
		BD4B4BD9197075BD00D6E839 /* SpriteCaixaNode.h */ = {isa = PBXFileReference; fileEncoding = 4; lastKnownFileType = sourcecode.c.h; path = SpriteCaixaNode.h; sourceTree = "<group>"; };
		BD4B4BDA197075BD00D6E839 /* SpriteCaixaNode.m */ = {isa = PBXFileReference; fileEncoding = 4; lastKnownFileType = sourcecode.c.objc; path = SpriteCaixaNode.m; sourceTree = "<group>"; };
		BD630CAA1948E3F400AF13E7 /* item-variavel.png */ = {isa = PBXFileReference; lastKnownFileType = image.png; name = "item-variavel.png"; path = "Imagens/item-variavel.png"; sourceTree = "<group>"; };
		BDB48109196CB7FC00D5901A /* Operadores.h */ = {isa = PBXFileReference; fileEncoding = 4; lastKnownFileType = sourcecode.c.h; path = Operadores.h; sourceTree = "<group>"; };
		BDB4810A196CB7FC00D5901A /* Operadores.m */ = {isa = PBXFileReference; fileEncoding = 4; lastKnownFileType = sourcecode.c.objc; path = Operadores.m; sourceTree = "<group>"; };
		BDB4810F196CB89400D5901A /* AnimaOperadores.h */ = {isa = PBXFileReference; fileEncoding = 4; lastKnownFileType = sourcecode.c.h; path = AnimaOperadores.h; sourceTree = "<group>"; };
		BDB48110196CB89400D5901A /* AnimaOperadores.m */ = {isa = PBXFileReference; fileEncoding = 4; lastKnownFileType = sourcecode.c.objc; path = AnimaOperadores.m; sourceTree = "<group>"; };
		BDB893D519677B3A009C105C /* AnimaVariavel.h */ = {isa = PBXFileReference; fileEncoding = 4; lastKnownFileType = sourcecode.c.h; path = AnimaVariavel.h; sourceTree = "<group>"; };
		BDB893D619677B3A009C105C /* AnimaVariavel.m */ = {isa = PBXFileReference; fileEncoding = 4; lastKnownFileType = sourcecode.c.objc; path = AnimaVariavel.m; sourceTree = "<group>"; };
		BDC75791196787E700DB8380 /* abrir-caixa1.png */ = {isa = PBXFileReference; lastKnownFileType = image.png; name = "abrir-caixa1.png"; path = "Imagens/Sprites/variavel.atlas/abrir-caixa1.png"; sourceTree = "<group>"; };
		BDC75792196787E700DB8380 /* abrir-caixa2.png */ = {isa = PBXFileReference; lastKnownFileType = image.png; name = "abrir-caixa2.png"; path = "Imagens/Sprites/variavel.atlas/abrir-caixa2.png"; sourceTree = "<group>"; };
		BDC75793196787E700DB8380 /* abrir-caixa3.png */ = {isa = PBXFileReference; lastKnownFileType = image.png; name = "abrir-caixa3.png"; path = "Imagens/Sprites/variavel.atlas/abrir-caixa3.png"; sourceTree = "<group>"; };
		BDC75794196787E700DB8380 /* abrir-caixa4.png */ = {isa = PBXFileReference; lastKnownFileType = image.png; name = "abrir-caixa4.png"; path = "Imagens/Sprites/variavel.atlas/abrir-caixa4.png"; sourceTree = "<group>"; };
		BDC75795196787E700DB8380 /* abrir-caixa5.png */ = {isa = PBXFileReference; lastKnownFileType = image.png; name = "abrir-caixa5.png"; path = "Imagens/Sprites/variavel.atlas/abrir-caixa5.png"; sourceTree = "<group>"; };
		BDC75796196787E700DB8380 /* abrir-caixa6.png */ = {isa = PBXFileReference; lastKnownFileType = image.png; name = "abrir-caixa6.png"; path = "Imagens/Sprites/variavel.atlas/abrir-caixa6.png"; sourceTree = "<group>"; };
		BDC75797196787E700DB8380 /* abrir-caixa7.png */ = {isa = PBXFileReference; lastKnownFileType = image.png; name = "abrir-caixa7.png"; path = "Imagens/Sprites/variavel.atlas/abrir-caixa7.png"; sourceTree = "<group>"; };
		BDC75798196787E700DB8380 /* abrir-caixa8.png */ = {isa = PBXFileReference; lastKnownFileType = image.png; name = "abrir-caixa8.png"; path = "Imagens/Sprites/variavel.atlas/abrir-caixa8.png"; sourceTree = "<group>"; };
		BDC75799196787E700DB8380 /* abrir-caixa9.png */ = {isa = PBXFileReference; lastKnownFileType = image.png; name = "abrir-caixa9.png"; path = "Imagens/Sprites/variavel.atlas/abrir-caixa9.png"; sourceTree = "<group>"; };
		BDC7579A196787E700DB8380 /* abrir-caixa10.png */ = {isa = PBXFileReference; lastKnownFileType = image.png; name = "abrir-caixa10.png"; path = "Imagens/Sprites/variavel.atlas/abrir-caixa10.png"; sourceTree = "<group>"; };
		BDC7579B196787E700DB8380 /* abrir-caixa11.png */ = {isa = PBXFileReference; lastKnownFileType = image.png; name = "abrir-caixa11.png"; path = "Imagens/Sprites/variavel.atlas/abrir-caixa11.png"; sourceTree = "<group>"; };
		BDC7579C196787E700DB8380 /* abrir-caixa12.png */ = {isa = PBXFileReference; lastKnownFileType = image.png; name = "abrir-caixa12.png"; path = "Imagens/Sprites/variavel.atlas/abrir-caixa12.png"; sourceTree = "<group>"; };
		BDC7579D196787E700DB8380 /* abrir-caixa13.png */ = {isa = PBXFileReference; lastKnownFileType = image.png; name = "abrir-caixa13.png"; path = "Imagens/Sprites/variavel.atlas/abrir-caixa13.png"; sourceTree = "<group>"; };
		E501FA6A192FCD3800B56B5C /* item-memoria.png */ = {isa = PBXFileReference; lastKnownFileType = image.png; name = "item-memoria.png"; path = "Imagens/item-memoria.png"; sourceTree = "<group>"; };
/* End PBXFileReference section */

/* Begin PBXFrameworksBuildPhase section */
		120E8F70192FC0A200CDEF95 /* Frameworks */ = {
			isa = PBXFrameworksBuildPhase;
			buildActionMask = 2147483647;
			files = (
				91A9861B196233CD00EA1074 /* SpriteKit.framework in Frameworks */,
				120E8F79192FC0A200CDEF95 /* CoreGraphics.framework in Frameworks */,
				120E8F7B192FC0A200CDEF95 /* UIKit.framework in Frameworks */,
				120E8F77192FC0A200CDEF95 /* Foundation.framework in Frameworks */,
			);
			runOnlyForDeploymentPostprocessing = 0;
		};
		120E8F91192FC0A200CDEF95 /* Frameworks */ = {
			isa = PBXFrameworksBuildPhase;
			buildActionMask = 2147483647;
			files = (
				120E8F96192FC0A200CDEF95 /* XCTest.framework in Frameworks */,
				120E8F98192FC0A200CDEF95 /* UIKit.framework in Frameworks */,
				120E8F97192FC0A200CDEF95 /* Foundation.framework in Frameworks */,
			);
			runOnlyForDeploymentPostprocessing = 0;
		};
/* End PBXFrameworksBuildPhase section */

/* Begin PBXGroup section */
		120E8F6A192FC0A200CDEF95 = {
			isa = PBXGroup;
			children = (
				120E8F7C192FC0A200CDEF95 /* ProjetoFinal */,
				120E8F9B192FC0A200CDEF95 /* ProjetoFinalTests */,
				120E8F75192FC0A200CDEF95 /* Frameworks */,
				120E8F74192FC0A200CDEF95 /* Products */,
			);
			sourceTree = "<group>";
		};
		120E8F74192FC0A200CDEF95 /* Products */ = {
			isa = PBXGroup;
			children = (
				120E8F73192FC0A200CDEF95 /* ProjetoFinal.app */,
				120E8F94192FC0A200CDEF95 /* ProjetoFinalTests.xctest */,
			);
			name = Products;
			sourceTree = "<group>";
		};
		120E8F75192FC0A200CDEF95 /* Frameworks */ = {
			isa = PBXGroup;
			children = (
				91A9861A196233CD00EA1074 /* SpriteKit.framework */,
				120E8F76192FC0A200CDEF95 /* Foundation.framework */,
				120E8F78192FC0A200CDEF95 /* CoreGraphics.framework */,
				120E8F7A192FC0A200CDEF95 /* UIKit.framework */,
				120E8F95192FC0A200CDEF95 /* XCTest.framework */,
			);
			name = Frameworks;
			sourceTree = "<group>";
		};
		120E8F7C192FC0A200CDEF95 /* ProjetoFinal */ = {
			isa = PBXGroup;
			children = (
				A529DF0A1965DB2200A3D9FB /* Calculador */,
				91A9860D196231F500EA1074 /* Classes */,
				E501FA69192FCD1600B56B5C /* Imagens */,
				A597F0EB1960A78E006429C7 /* ViewControllers */,
				120E8F85192FC0A200CDEF95 /* AppDelegate.h */,
				120E8F86192FC0A200CDEF95 /* AppDelegate.m */,
				120E8F88192FC0A200CDEF95 /* Main.storyboard */,
				120E8F8B192FC0A200CDEF95 /* ViewController.h */,
				120E8F8C192FC0A200CDEF95 /* ViewController.m */,
				120E8F8E192FC0A200CDEF95 /* Images.xcassets */,
				120E8F7D192FC0A200CDEF95 /* Supporting Files */,
			);
			path = ProjetoFinal;
			sourceTree = "<group>";
		};
		120E8F7D192FC0A200CDEF95 /* Supporting Files */ = {
			isa = PBXGroup;
			children = (
				120E8F7E192FC0A200CDEF95 /* ProjetoFinal-Info.plist */,
				120E8F7F192FC0A200CDEF95 /* InfoPlist.strings */,
				120E8F82192FC0A200CDEF95 /* main.m */,
				120E8F84192FC0A200CDEF95 /* ProjetoFinal-Prefix.pch */,
			);
			name = "Supporting Files";
			sourceTree = "<group>";
		};
		120E8F9B192FC0A200CDEF95 /* ProjetoFinalTests */ = {
			isa = PBXGroup;
			children = (
				120E8FA1192FC0A200CDEF95 /* ProjetoFinalTests.m */,
				120E8F9C192FC0A200CDEF95 /* Supporting Files */,
			);
			path = ProjetoFinalTests;
			sourceTree = "<group>";
		};
		120E8F9C192FC0A200CDEF95 /* Supporting Files */ = {
			isa = PBXGroup;
			children = (
				120E8F9D192FC0A200CDEF95 /* ProjetoFinalTests-Info.plist */,
				120E8F9E192FC0A200CDEF95 /* InfoPlist.strings */,
			);
			name = "Supporting Files";
			sourceTree = "<group>";
		};
		8418F87E1970895500781F82 /* Variaveis */ = {
			isa = PBXGroup;
			children = (
				8418F87A1970817000781F82 /* Exercicio1Variavel.h */,
				8418F8781970817000781F82 /* ConteudoDasCaixas.h */,
				8418F8791970817000781F82 /* ConteudoDasCaixas.m */,
				8418F87B1970817000781F82 /* Exercicio1Variavel.m */,
			);
			name = Variaveis;
			sourceTree = "<group>";
		};
		91A9860D196231F500EA1074 /* Classes */ = {
			isa = PBXGroup;
			children = (
				A55F2B4219648BE000111BEB /* Conteudos */,
				91A98616196232DF00EA1074 /* Exercicios */,
				91A986121962328800EA1074 /* Animacoes */,
				91A9860E1962320500EA1074 /* Assuntos */,
			);
			name = Classes;
			sourceTree = "<group>";
		};
		91A9860E1962320500EA1074 /* Assuntos */ = {
			isa = PBXGroup;
			children = (
				91A9861C1962392400EA1074 /* GerenciadorDeAssunto.h */,
				91A9861D1962392400EA1074 /* GerenciadorDeAssunto.m */,
				91A9860F1962324500EA1074 /* Assunto.h */,
				91A986101962324500EA1074 /* Assunto.m */,
				A55F2B3F1964879A00111BEB /* Variavel.h */,
				A55F2B401964879A00111BEB /* Variavel.m */,
				BDB48109196CB7FC00D5901A /* Operadores.h */,
				BDB4810A196CB7FC00D5901A /* Operadores.m */,
			);
			name = Assuntos;
			sourceTree = "<group>";
		};
		91A986121962328800EA1074 /* Animacoes */ = {
			isa = PBXGroup;
			children = (
				BD4B4BD9197075BD00D6E839 /* SpriteCaixaNode.h */,
				BD4B4BDA197075BD00D6E839 /* SpriteCaixaNode.m */,
				91A98613196232B900EA1074 /* Animacao.h */,
				91A98614196232B900EA1074 /* Animacao.m */,
				BDB893D519677B3A009C105C /* AnimaVariavel.h */,
				BDB893D619677B3A009C105C /* AnimaVariavel.m */,
				BDB4810F196CB89400D5901A /* AnimaOperadores.h */,
				BDB48110196CB89400D5901A /* AnimaOperadores.m */,
			);
			name = Animacoes;
			sourceTree = "<group>";
		};
		91A98616196232DF00EA1074 /* Exercicios */ = {
			isa = PBXGroup;
			children = (
				8418F87E1970895500781F82 /* Variaveis */,
				91A98617196232F800EA1074 /* Exercicio.h */,
				91A98618196232F800EA1074 /* Exercicio.m */,
			);
			name = Exercicios;
			sourceTree = "<group>";
		};
		A529DF0A1965DB2200A3D9FB /* Calculador */ = {
			isa = PBXGroup;
			children = (
				A529DF1E1965DB8A00A3D9FB /* Calculador.h */,
				A529DF1F1965DB8A00A3D9FB /* Calculador.m */,
				A529DF0B1965DB3800A3D9FB /* Operações */,
			);
			name = Calculador;
			sourceTree = "<group>";
		};
		A529DF0B1965DB3800A3D9FB /* Operações */ = {
			isa = PBXGroup;
			children = (
				A529DF151965DB7500A3D9FB /* Relacional.h */,
				A529DF161965DB7500A3D9FB /* Relacional.m */,
				A529DF171965DB7500A3D9FB /* Aritimetico.h */,
				A529DF181965DB7500A3D9FB /* Aritimetico.m */,
				A529DF191965DB7500A3D9FB /* Logico.h */,
				A529DF1A1965DB7500A3D9FB /* Logico.m */,
				A559E40F1970524100BDFDB8 /* Validador.h */,
				A559E4101970524100BDFDB8 /* Validador.m */,
			);
			name = "Operações";
			sourceTree = "<group>";
		};
		A55F2B4219648BE000111BEB /* Conteudos */ = {
			isa = PBXGroup;
			children = (
				A55F2B4319648C0600111BEB /* ConceitosVariaveis.txt */,
			);
			name = Conteudos;
			sourceTree = "<group>";
		};
		A597F0EB1960A78E006429C7 /* ViewControllers */ = {
			isa = PBXGroup;
			children = (
				8418F87F19708B0900781F82 /* ExercicioVIewContollerViewController.h */,
				8418F88019708B0900781F82 /* ExercicioVIewContollerViewController.m */,
				A597F0EC1960A7A6006429C7 /* SubViewConteudo.h */,
				A597F0ED1960A7A6006429C7 /* SubViewConteudo.m */,
				A597F0EE1960A7A6006429C7 /* SubViewConteudoFilho.h */,
				A597F0EF1960A7A6006429C7 /* SubViewConteudoFilho.m */,
				A597F0F01960A7A6006429C7 /* MenuViewController.h */,
				A597F0F11960A7A6006429C7 /* MenuViewController.m */,
				A597F0F21960A7A6006429C7 /* ConteudoViewController.h */,
				A597F0F31960A7A6006429C7 /* ConteudoViewController.m */,
			);
			name = ViewControllers;
			sourceTree = "<group>";
		};
		BDC75790196787CF00DB8380 /* Variavel */ = {
			isa = PBXGroup;
			children = (
				BDC75791196787E700DB8380 /* abrir-caixa1.png */,
				BDC75792196787E700DB8380 /* abrir-caixa2.png */,
				BDC75793196787E700DB8380 /* abrir-caixa3.png */,
				BDC75794196787E700DB8380 /* abrir-caixa4.png */,
				BDC75795196787E700DB8380 /* abrir-caixa5.png */,
				BDC75796196787E700DB8380 /* abrir-caixa6.png */,
				BDC75797196787E700DB8380 /* abrir-caixa7.png */,
				BDC75798196787E700DB8380 /* abrir-caixa8.png */,
				BDC75799196787E700DB8380 /* abrir-caixa9.png */,
				BDC7579A196787E700DB8380 /* abrir-caixa10.png */,
				BDC7579B196787E700DB8380 /* abrir-caixa11.png */,
				BDC7579C196787E700DB8380 /* abrir-caixa12.png */,
				BDC7579D196787E700DB8380 /* abrir-caixa13.png */,
			);
			name = Variavel;
			sourceTree = "<group>";
		};
		E501FA69192FCD1600B56B5C /* Imagens */ = {
			isa = PBXGroup;
			children = (
				BDC75790196787CF00DB8380 /* Variavel */,
				BD630CAA1948E3F400AF13E7 /* item-variavel.png */,
				E501FA6A192FCD3800B56B5C /* item-memoria.png */,
			);
			name = Imagens;
			sourceTree = "<group>";
		};
/* End PBXGroup section */

/* Begin PBXNativeTarget section */
		120E8F72192FC0A200CDEF95 /* ProjetoFinal */ = {
			isa = PBXNativeTarget;
			buildConfigurationList = 120E8FA5192FC0A200CDEF95 /* Build configuration list for PBXNativeTarget "ProjetoFinal" */;
			buildPhases = (
				120E8F6F192FC0A200CDEF95 /* Sources */,
				120E8F70192FC0A200CDEF95 /* Frameworks */,
				120E8F71192FC0A200CDEF95 /* Resources */,
			);
			buildRules = (
			);
			dependencies = (
			);
			name = ProjetoFinal;
			productName = ProjetoFinal;
			productReference = 120E8F73192FC0A200CDEF95 /* ProjetoFinal.app */;
			productType = "com.apple.product-type.application";
		};
		120E8F93192FC0A200CDEF95 /* ProjetoFinalTests */ = {
			isa = PBXNativeTarget;
			buildConfigurationList = 120E8FA8192FC0A200CDEF95 /* Build configuration list for PBXNativeTarget "ProjetoFinalTests" */;
			buildPhases = (
				120E8F90192FC0A200CDEF95 /* Sources */,
				120E8F91192FC0A200CDEF95 /* Frameworks */,
				120E8F92192FC0A200CDEF95 /* Resources */,
			);
			buildRules = (
			);
			dependencies = (
				120E8F9A192FC0A200CDEF95 /* PBXTargetDependency */,
			);
			name = ProjetoFinalTests;
			productName = ProjetoFinalTests;
			productReference = 120E8F94192FC0A200CDEF95 /* ProjetoFinalTests.xctest */;
			productType = "com.apple.product-type.bundle.unit-test";
		};
/* End PBXNativeTarget section */

/* Begin PBXProject section */
		120E8F6B192FC0A200CDEF95 /* Project object */ = {
			isa = PBXProject;
			attributes = {
				LastUpgradeCheck = 0500;
				ORGANIZATIONNAME = "SENAC - iOS";
				TargetAttributes = {
					120E8F93192FC0A200CDEF95 = {
						TestTargetID = 120E8F72192FC0A200CDEF95;
					};
				};
			};
			buildConfigurationList = 120E8F6E192FC0A200CDEF95 /* Build configuration list for PBXProject "ProjetoFinal" */;
			compatibilityVersion = "Xcode 3.2";
			developmentRegion = English;
			hasScannedForEncodings = 0;
			knownRegions = (
				en,
				Base,
			);
			mainGroup = 120E8F6A192FC0A200CDEF95;
			productRefGroup = 120E8F74192FC0A200CDEF95 /* Products */;
			projectDirPath = "";
			projectRoot = "";
			targets = (
				120E8F72192FC0A200CDEF95 /* ProjetoFinal */,
				120E8F93192FC0A200CDEF95 /* ProjetoFinalTests */,
			);
		};
/* End PBXProject section */

/* Begin PBXResourcesBuildPhase section */
		120E8F71192FC0A200CDEF95 /* Resources */ = {
			isa = PBXResourcesBuildPhase;
			buildActionMask = 2147483647;
			files = (
				BDC7579F196787E700DB8380 /* abrir-caixa2.png in Resources */,
				BDC757A8196787E700DB8380 /* abrir-caixa11.png in Resources */,
				120E8F8F192FC0A200CDEF95 /* Images.xcassets in Resources */,
				BDC757A0196787E700DB8380 /* abrir-caixa3.png in Resources */,
				BDC757A4196787E700DB8380 /* abrir-caixa7.png in Resources */,
				E501FA6B192FCD3800B56B5C /* item-memoria.png in Resources */,
				BDC757A1196787E700DB8380 /* abrir-caixa4.png in Resources */,
				120E8F81192FC0A200CDEF95 /* InfoPlist.strings in Resources */,
				BDC757A9196787E700DB8380 /* abrir-caixa12.png in Resources */,
				BDC7579E196787E700DB8380 /* abrir-caixa1.png in Resources */,
				BDC757A7196787E700DB8380 /* abrir-caixa10.png in Resources */,
				A55F2B4419648C0600111BEB /* ConceitosVariaveis.txt in Resources */,
				BDC757AA196787E700DB8380 /* abrir-caixa13.png in Resources */,
				BDC757A3196787E700DB8380 /* abrir-caixa6.png in Resources */,
				BDC757A5196787E700DB8380 /* abrir-caixa8.png in Resources */,
				BDC757A2196787E700DB8380 /* abrir-caixa5.png in Resources */,
				120E8F8A192FC0A200CDEF95 /* Main.storyboard in Resources */,
				BD630CAB1948E3F400AF13E7 /* item-variavel.png in Resources */,
				BDC757A6196787E700DB8380 /* abrir-caixa9.png in Resources */,
			);
			runOnlyForDeploymentPostprocessing = 0;
		};
		120E8F92192FC0A200CDEF95 /* Resources */ = {
			isa = PBXResourcesBuildPhase;
			buildActionMask = 2147483647;
			files = (
				120E8FA0192FC0A200CDEF95 /* InfoPlist.strings in Resources */,
			);
			runOnlyForDeploymentPostprocessing = 0;
		};
/* End PBXResourcesBuildPhase section */

/* Begin PBXSourcesBuildPhase section */
		120E8F6F192FC0A200CDEF95 /* Sources */ = {
			isa = PBXSourcesBuildPhase;
			buildActionMask = 2147483647;
			files = (
				8418F88119708B0900781F82 /* ExercicioVIewContollerViewController.m in Sources */,
				8418F87D1970817000781F82 /* Exercicio1Variavel.m in Sources */,
				BD4B4BDB197075BD00D6E839 /* SpriteCaixaNode.m in Sources */,
				A597F0F71960A7A6006429C7 /* ConteudoViewController.m in Sources */,
				A529DF201965DB8A00A3D9FB /* Calculador.m in Sources */,
				91A986111962324500EA1074 /* Assunto.m in Sources */,
				120E8F8D192FC0A200CDEF95 /* ViewController.m in Sources */,
				8418F87C1970817000781F82 /* ConteudoDasCaixas.m in Sources */,
				A597F0F61960A7A6006429C7 /* MenuViewController.m in Sources */,
				120E8F87192FC0A200CDEF95 /* AppDelegate.m in Sources */,
				BDB48111196CB89400D5901A /* AnimaOperadores.m in Sources */,
				91A98619196232F800EA1074 /* Exercicio.m in Sources */,
				BDB4810B196CB7FC00D5901A /* Operadores.m in Sources */,
				A597F0F41960A7A6006429C7 /* SubViewConteudo.m in Sources */,
				91A9861E1962392400EA1074 /* GerenciadorDeAssunto.m in Sources */,
				A529DF1D1965DB7500A3D9FB /* Logico.m in Sources */,
				120E8F83192FC0A200CDEF95 /* main.m in Sources */,
				BDB893D719677B3A009C105C /* AnimaVariavel.m in Sources */,
				A597F0F51960A7A6006429C7 /* SubViewConteudoFilho.m in Sources */,
				A529DF1C1965DB7500A3D9FB /* Aritimetico.m in Sources */,
				A559E4111970524100BDFDB8 /* Validador.m in Sources */,
				91A98615196232B900EA1074 /* Animacao.m in Sources */,
				A55F2B411964879A00111BEB /* Variavel.m in Sources */,
				A529DF1B1965DB7500A3D9FB /* Relacional.m in Sources */,
			);
			runOnlyForDeploymentPostprocessing = 0;
		};
		120E8F90192FC0A200CDEF95 /* Sources */ = {
			isa = PBXSourcesBuildPhase;
			buildActionMask = 2147483647;
			files = (
				120E8FA2192FC0A200CDEF95 /* ProjetoFinalTests.m in Sources */,
			);
			runOnlyForDeploymentPostprocessing = 0;
		};
/* End PBXSourcesBuildPhase section */

/* Begin PBXTargetDependency section */
		120E8F9A192FC0A200CDEF95 /* PBXTargetDependency */ = {
			isa = PBXTargetDependency;
			target = 120E8F72192FC0A200CDEF95 /* ProjetoFinal */;
			targetProxy = 120E8F99192FC0A200CDEF95 /* PBXContainerItemProxy */;
		};
/* End PBXTargetDependency section */

/* Begin PBXVariantGroup section */
		120E8F7F192FC0A200CDEF95 /* InfoPlist.strings */ = {
			isa = PBXVariantGroup;
			children = (
				120E8F80192FC0A200CDEF95 /* en */,
			);
			name = InfoPlist.strings;
			sourceTree = "<group>";
		};
		120E8F88192FC0A200CDEF95 /* Main.storyboard */ = {
			isa = PBXVariantGroup;
			children = (
				120E8F89192FC0A200CDEF95 /* Base */,
			);
			name = Main.storyboard;
			sourceTree = "<group>";
		};
		120E8F9E192FC0A200CDEF95 /* InfoPlist.strings */ = {
			isa = PBXVariantGroup;
			children = (
				120E8F9F192FC0A200CDEF95 /* en */,
			);
			name = InfoPlist.strings;
			sourceTree = "<group>";
		};
/* End PBXVariantGroup section */

/* Begin XCBuildConfiguration section */
		120E8FA3192FC0A200CDEF95 /* Debug */ = {
			isa = XCBuildConfiguration;
			buildSettings = {
				ALWAYS_SEARCH_USER_PATHS = NO;
				ARCHS = "$(ARCHS_STANDARD_INCLUDING_64_BIT)";
				CLANG_CXX_LANGUAGE_STANDARD = "gnu++0x";
				CLANG_CXX_LIBRARY = "libc++";
				CLANG_ENABLE_MODULES = YES;
				CLANG_ENABLE_OBJC_ARC = YES;
				CLANG_WARN_BOOL_CONVERSION = YES;
				CLANG_WARN_CONSTANT_CONVERSION = YES;
				CLANG_WARN_DIRECT_OBJC_ISA_USAGE = YES_ERROR;
				CLANG_WARN_EMPTY_BODY = YES;
				CLANG_WARN_ENUM_CONVERSION = YES;
				CLANG_WARN_INT_CONVERSION = YES;
				CLANG_WARN_OBJC_ROOT_CLASS = YES_ERROR;
				CLANG_WARN__DUPLICATE_METHOD_MATCH = YES;
				"CODE_SIGN_IDENTITY[sdk=iphoneos*]" = "iPhone Developer";
				COPY_PHASE_STRIP = NO;
				GCC_C_LANGUAGE_STANDARD = gnu99;
				GCC_DYNAMIC_NO_PIC = NO;
				GCC_OPTIMIZATION_LEVEL = 0;
				GCC_PREPROCESSOR_DEFINITIONS = (
					"DEBUG=1",
					"$(inherited)",
				);
				GCC_SYMBOLS_PRIVATE_EXTERN = NO;
				GCC_WARN_64_TO_32_BIT_CONVERSION = YES;
				GCC_WARN_ABOUT_RETURN_TYPE = YES_ERROR;
				GCC_WARN_UNDECLARED_SELECTOR = YES;
				GCC_WARN_UNINITIALIZED_AUTOS = YES;
				GCC_WARN_UNUSED_FUNCTION = YES;
				GCC_WARN_UNUSED_VARIABLE = YES;
				IPHONEOS_DEPLOYMENT_TARGET = 7.0;
				ONLY_ACTIVE_ARCH = YES;
				SDKROOT = iphoneos;
				TARGETED_DEVICE_FAMILY = 2;
			};
			name = Debug;
		};
		120E8FA4192FC0A200CDEF95 /* Release */ = {
			isa = XCBuildConfiguration;
			buildSettings = {
				ALWAYS_SEARCH_USER_PATHS = NO;
				ARCHS = "$(ARCHS_STANDARD_INCLUDING_64_BIT)";
				CLANG_CXX_LANGUAGE_STANDARD = "gnu++0x";
				CLANG_CXX_LIBRARY = "libc++";
				CLANG_ENABLE_MODULES = YES;
				CLANG_ENABLE_OBJC_ARC = YES;
				CLANG_WARN_BOOL_CONVERSION = YES;
				CLANG_WARN_CONSTANT_CONVERSION = YES;
				CLANG_WARN_DIRECT_OBJC_ISA_USAGE = YES_ERROR;
				CLANG_WARN_EMPTY_BODY = YES;
				CLANG_WARN_ENUM_CONVERSION = YES;
				CLANG_WARN_INT_CONVERSION = YES;
				CLANG_WARN_OBJC_ROOT_CLASS = YES_ERROR;
				CLANG_WARN__DUPLICATE_METHOD_MATCH = YES;
				"CODE_SIGN_IDENTITY[sdk=iphoneos*]" = "iPhone Developer";
				COPY_PHASE_STRIP = YES;
				ENABLE_NS_ASSERTIONS = NO;
				GCC_C_LANGUAGE_STANDARD = gnu99;
				GCC_WARN_64_TO_32_BIT_CONVERSION = YES;
				GCC_WARN_ABOUT_RETURN_TYPE = YES_ERROR;
				GCC_WARN_UNDECLARED_SELECTOR = YES;
				GCC_WARN_UNINITIALIZED_AUTOS = YES;
				GCC_WARN_UNUSED_FUNCTION = YES;
				GCC_WARN_UNUSED_VARIABLE = YES;
				IPHONEOS_DEPLOYMENT_TARGET = 7.0;
				SDKROOT = iphoneos;
				TARGETED_DEVICE_FAMILY = 2;
				VALIDATE_PRODUCT = YES;
			};
			name = Release;
		};
		120E8FA6192FC0A200CDEF95 /* Debug */ = {
			isa = XCBuildConfiguration;
			buildSettings = {
				ASSETCATALOG_COMPILER_APPICON_NAME = AppIcon;
				ASSETCATALOG_COMPILER_LAUNCHIMAGE_NAME = LaunchImage;
				GCC_PRECOMPILE_PREFIX_HEADER = YES;
				GCC_PREFIX_HEADER = "ProjetoFinal/ProjetoFinal-Prefix.pch";
				INFOPLIST_FILE = "ProjetoFinal/ProjetoFinal-Info.plist";
				IPHONEOS_DEPLOYMENT_TARGET = 7.0;
				PRODUCT_NAME = "$(TARGET_NAME)";
				WRAPPER_EXTENSION = app;
			};
			name = Debug;
		};
		120E8FA7192FC0A200CDEF95 /* Release */ = {
			isa = XCBuildConfiguration;
			buildSettings = {
				ASSETCATALOG_COMPILER_APPICON_NAME = AppIcon;
				ASSETCATALOG_COMPILER_LAUNCHIMAGE_NAME = LaunchImage;
				GCC_PRECOMPILE_PREFIX_HEADER = YES;
				GCC_PREFIX_HEADER = "ProjetoFinal/ProjetoFinal-Prefix.pch";
				INFOPLIST_FILE = "ProjetoFinal/ProjetoFinal-Info.plist";
				IPHONEOS_DEPLOYMENT_TARGET = 7.0;
				PRODUCT_NAME = "$(TARGET_NAME)";
				WRAPPER_EXTENSION = app;
			};
			name = Release;
		};
		120E8FA9192FC0A200CDEF95 /* Debug */ = {
			isa = XCBuildConfiguration;
			buildSettings = {
				ARCHS = "$(ARCHS_STANDARD_INCLUDING_64_BIT)";
				BUNDLE_LOADER = "$(BUILT_PRODUCTS_DIR)/ProjetoFinal.app/ProjetoFinal";
				FRAMEWORK_SEARCH_PATHS = (
					"$(SDKROOT)/Developer/Library/Frameworks",
					"$(inherited)",
					"$(DEVELOPER_FRAMEWORKS_DIR)",
				);
				GCC_PRECOMPILE_PREFIX_HEADER = YES;
				GCC_PREFIX_HEADER = "ProjetoFinal/ProjetoFinal-Prefix.pch";
				GCC_PREPROCESSOR_DEFINITIONS = (
					"DEBUG=1",
					"$(inherited)",
				);
				INFOPLIST_FILE = "ProjetoFinalTests/ProjetoFinalTests-Info.plist";
				PRODUCT_NAME = "$(TARGET_NAME)";
				TEST_HOST = "$(BUNDLE_LOADER)";
				WRAPPER_EXTENSION = xctest;
			};
			name = Debug;
		};
		120E8FAA192FC0A200CDEF95 /* Release */ = {
			isa = XCBuildConfiguration;
			buildSettings = {
				ARCHS = "$(ARCHS_STANDARD_INCLUDING_64_BIT)";
				BUNDLE_LOADER = "$(BUILT_PRODUCTS_DIR)/ProjetoFinal.app/ProjetoFinal";
				FRAMEWORK_SEARCH_PATHS = (
					"$(SDKROOT)/Developer/Library/Frameworks",
					"$(inherited)",
					"$(DEVELOPER_FRAMEWORKS_DIR)",
				);
				GCC_PRECOMPILE_PREFIX_HEADER = YES;
				GCC_PREFIX_HEADER = "ProjetoFinal/ProjetoFinal-Prefix.pch";
				INFOPLIST_FILE = "ProjetoFinalTests/ProjetoFinalTests-Info.plist";
				PRODUCT_NAME = "$(TARGET_NAME)";
				TEST_HOST = "$(BUNDLE_LOADER)";
				WRAPPER_EXTENSION = xctest;
			};
			name = Release;
		};
/* End XCBuildConfiguration section */

/* Begin XCConfigurationList section */
		120E8F6E192FC0A200CDEF95 /* Build configuration list for PBXProject "ProjetoFinal" */ = {
			isa = XCConfigurationList;
			buildConfigurations = (
				120E8FA3192FC0A200CDEF95 /* Debug */,
				120E8FA4192FC0A200CDEF95 /* Release */,
			);
			defaultConfigurationIsVisible = 0;
			defaultConfigurationName = Release;
		};
		120E8FA5192FC0A200CDEF95 /* Build configuration list for PBXNativeTarget "ProjetoFinal" */ = {
			isa = XCConfigurationList;
			buildConfigurations = (
				120E8FA6192FC0A200CDEF95 /* Debug */,
				120E8FA7192FC0A200CDEF95 /* Release */,
			);
			defaultConfigurationIsVisible = 0;
			defaultConfigurationName = Release;
		};
		120E8FA8192FC0A200CDEF95 /* Build configuration list for PBXNativeTarget "ProjetoFinalTests" */ = {
			isa = XCConfigurationList;
			buildConfigurations = (
				120E8FA9192FC0A200CDEF95 /* Debug */,
				120E8FAA192FC0A200CDEF95 /* Release */,
			);
			defaultConfigurationIsVisible = 0;
			defaultConfigurationName = Release;
		};
/* End XCConfigurationList section */
	};
	rootObject = 120E8F6B192FC0A200CDEF95 /* Project object */;
}
